
Microsoft Visual Studio Solution File, Format Version 12.00
# Visual Studio Version 16
VisualStudioVersion = 16.0.28922.388
MinimumVisualStudioVersion = 10.0.40219.1
Project("{FAE04EC0-301F-11D3-BF4B-00C04F79EFBC}") = "MarkovChain", "MarkovChain\MarkovChain.csproj", "{55D7C60E-1385-4402-BC54-ABD5094509F5}"
EndProject
Global
	GlobalSection(SolutionConfigurationPlatforms) = preSolution
		Debug|Any CPU = Debug|Any CPU
		Release|Any CPU = Release|Any CPU
	EndGlobalSection
	GlobalSection(ProjectConfigurationPlatforms) = postSolution
		{55D7C60E-1385-4402-BC54-ABD5094509F5}.Debug|Any CPU.ActiveCfg = Debug|Any CPU
		{55D7C60E-1385-4402-BC54-ABD5094509F5}.Debug|Any CPU.Build.0 = Debug|Any CPU
		{55D7C60E-1385-4402-BC54-ABD5094509F5}.Release|Any CPU.ActiveCfg = Release|Any CPU
		{55D7C60E-1385-4402-BC54-ABD5094509F5}.Release|Any CPU.Build.0 = Release|Any CPU
	EndGlobalSection
	GlobalSection(SolutionProperties) = preSolution
		HideSolutionNode = FALSE
	EndGlobalSection
	GlobalSection(ExtensibilityGlobals) = postSolution
		SolutionGuid = {34EE3E1B-A0AF-4960-97A7-A1424292DDBC}
	EndGlobalSection
EndGlobal
